{
  "name": "webhook-in-aws",
  "version": "1.0.0",
  "lockfileVersion": 1,
  "requires": true,
  "dependencies": {
    "@aws-cdk/assets": {
      "version": "1.152.0",
      "resolved": "https://registry.npmjs.org/@aws-cdk/assets/-/assets-1.152.0.tgz",
      "integrity": "sha512-PEsrKaQqf0NIik7RlIoXdbJj8KATAV4w5tLZxr1HTaUdRaPYp2U3caaU3dsqZl2Tq+/EqPbvU87vP7H4qZ28iQ==",
      "requires": {
        "@aws-cdk/core": "1.152.0",
        "@aws-cdk/cx-api": "1.152.0",
        "constructs": "^3.3.69"
      }
    },
    "@aws-cdk/aws-acmpca": {
      "version": "1.152.0",
      "resolved": "https://registry.npmjs.org/@aws-cdk/aws-acmpca/-/aws-acmpca-1.152.0.tgz",
      "integrity": "sha512-ZQKQSBF0T2Bs9JOVR4VIUDx+hqVeC/L1+guyeqCaMbqenNeA2hKw0JrqAPd6NSxwSXSr/kpi4shOjeR1MpEMjw==",
      "requires": {
        "@aws-cdk/core": "1.152.0",
        "constructs": "^3.3.69"
      }
    },
    "@aws-cdk/aws-apigateway": {
      "version": "1.152.0",
      "resolved": "https://registry.npmjs.org/@aws-cdk/aws-apigateway/-/aws-apigateway-1.152.0.tgz",
      "integrity": "sha512-ZYG13EtH0+cbBp+NbHvAF2RGUP4HG5f5/VW3JJ6iZcm2+jpRcjgFedRWFGGpUwm3fF86y1CjJ/3VtvfM66Bb0g==",
      "requires": {
        "@aws-cdk/aws-certificatemanager": "1.152.0",
        "@aws-cdk/aws-cloudwatch": "1.152.0",
        "@aws-cdk/aws-cognito": "1.152.0",
        "@aws-cdk/aws-ec2": "1.152.0",
        "@aws-cdk/aws-elasticloadbalancingv2": "1.152.0",
        "@aws-cdk/aws-iam": "1.152.0",
        "@aws-cdk/aws-lambda": "1.152.0",
        "@aws-cdk/aws-logs": "1.152.0",
        "@aws-cdk/aws-s3": "1.152.0",
        "@aws-cdk/aws-s3-assets": "1.152.0",
        "@aws-cdk/aws-stepfunctions": "1.152.0",
        "@aws-cdk/core": "1.152.0",
        "@aws-cdk/cx-api": "1.152.0",
        "constructs": "^3.3.69"
      }
    },
    "@aws-cdk/aws-applicationautoscaling": {
      "version": "1.152.0",
      "resolved": "https://registry.npmjs.org/@aws-cdk/aws-applicationautoscaling/-/aws-applicationautoscaling-1.152.0.tgz",
      "integrity": "sha512-u+dCWyE6pLCFc7h3DmUJf7C8+JAcbl65XG56vIxl3meQayJ01SMt2eaEFX9/I6f93V46N41lk0Hgmi+CX5SG8Q==",
      "requires": {
        "@aws-cdk/aws-autoscaling-common": "1.152.0",
        "@aws-cdk/aws-cloudwatch": "1.152.0",
        "@aws-cdk/aws-iam": "1.152.0",
        "@aws-cdk/core": "1.152.0",
        "constructs": "^3.3.69"
      }
    },
    "@aws-cdk/aws-autoscaling-common": {
      "version": "1.152.0",
      "resolved": "https://registry.npmjs.org/@aws-cdk/aws-autoscaling-common/-/aws-autoscaling-common-1.152.0.tgz",
      "integrity": "sha512-19l82uZC2DhoTBJdT8vR9XoO9U8lmOs3X4xFpdA7Sp+3nVEvly0Hkk2L0SZdhBuXfdlxjZ+nxdlsmAS8jzXLGg==",
      "requires": {
        "@aws-cdk/aws-iam": "1.152.0",
        "@aws-cdk/core": "1.152.0",
        "constructs": "^3.3.69"
      }
    },
    "@aws-cdk/aws-certificatemanager": {
      "version": "1.152.0",
      "resolved": "https://registry.npmjs.org/@aws-cdk/aws-certificatemanager/-/aws-certificatemanager-1.152.0.tgz",
      "integrity": "sha512-YnW9kv4o3WmGsU1YYQ6eCUO3M4QLjQumDhVkEucxTRGIDXQUcBhUZ3yKQaKQ3i1bPGaILTffcg7oeeM7n5/Fmw==",
      "requires": {
        "@aws-cdk/aws-acmpca": "1.152.0",
        "@aws-cdk/aws-cloudwatch": "1.152.0",
        "@aws-cdk/aws-iam": "1.152.0",
        "@aws-cdk/aws-lambda": "1.152.0",
        "@aws-cdk/aws-route53": "1.152.0",
        "@aws-cdk/core": "1.152.0",
        "constructs": "^3.3.69"
      }
    },
    "@aws-cdk/aws-cloudformation": {
      "version": "1.152.0",
      "resolved": "https://registry.npmjs.org/@aws-cdk/aws-cloudformation/-/aws-cloudformation-1.152.0.tgz",
      "integrity": "sha512-jxsbHIBw1WMIJYHW09i9/8wB7P6DrR3Wlb2R255/c3uOZafz12xICKMeolZLDLQ7wPxCNayauWiXURmZLT8G8g==",
      "requires": {
        "@aws-cdk/aws-iam": "1.152.0",
        "@aws-cdk/aws-lambda": "1.152.0",
        "@aws-cdk/aws-s3": "1.152.0",
        "@aws-cdk/aws-sns": "1.152.0",
        "@aws-cdk/core": "1.152.0",
        "@aws-cdk/cx-api": "1.152.0",
        "constructs": "^3.3.69"
      }
    },
    "@aws-cdk/aws-cloudwatch": {
      "version": "1.152.0",
      "resolved": "https://registry.npmjs.org/@aws-cdk/aws-cloudwatch/-/aws-cloudwatch-1.152.0.tgz",
      "integrity": "sha512-qMKN2QPV1749/Lhj2cbhFyVoRmRxb6fmNzl/2R6hc62RCEUNHQzfIn0iz78sy1WCl0MaQWun+PBIL13S9hsssw==",
      "requires": {
        "@aws-cdk/aws-iam": "1.152.0",
        "@aws-cdk/core": "1.152.0",
        "constructs": "^3.3.69"
      }
    },
    "@aws-cdk/aws-codeguruprofiler": {
      "version": "1.152.0",
      "resolved": "https://registry.npmjs.org/@aws-cdk/aws-codeguruprofiler/-/aws-codeguruprofiler-1.152.0.tgz",
      "integrity": "sha512-S1it9kv/1yS7MCUI7R+5dqxdd7fEFhkBG7DdSQAkLiRFY1sZ4BmPjPP266LfekPWeDMZlPAgtoz1e7P1oDkvUQ==",
      "requires": {
        "@aws-cdk/aws-iam": "1.152.0",
        "@aws-cdk/core": "1.152.0",
        "constructs": "^3.3.69"
      }
    },
    "@aws-cdk/aws-codestarnotifications": {
      "version": "1.152.0",
      "resolved": "https://registry.npmjs.org/@aws-cdk/aws-codestarnotifications/-/aws-codestarnotifications-1.152.0.tgz",
      "integrity": "sha512-Xkz8NaMhGkF6ZZ3MFM4xUARubKt0h7jk0+DftadzVzH+1EBJYbi+6g9Hnfkhd1/mMQMXXg3fnlQL/Z6YC80xRw==",
      "requires": {
        "@aws-cdk/core": "1.152.0",
        "constructs": "^3.3.69"
      }
    },
    "@aws-cdk/aws-cognito": {
      "version": "1.152.0",
      "resolved": "https://registry.npmjs.org/@aws-cdk/aws-cognito/-/aws-cognito-1.152.0.tgz",
      "integrity": "sha512-aVxUXmonew0L36cYBdAv1oIZDr1gmstEcVg6eezt2ovsg5Wpn7cA6JI2YqcNvsccHs2mIOpS3p7MH6IIQrvvnQ==",
      "requires": {
        "@aws-cdk/aws-certificatemanager": "1.152.0",
        "@aws-cdk/aws-iam": "1.152.0",
        "@aws-cdk/aws-kms": "1.152.0",
        "@aws-cdk/aws-lambda": "1.152.0",
        "@aws-cdk/core": "1.152.0",
        "@aws-cdk/custom-resources": "1.152.0",
        "constructs": "^3.3.69",
        "punycode": "^2.1.1"
      },
      "dependencies": {
        "punycode": {
          "version": "2.1.1",
          "bundled": true
        }
      }
    },
    "@aws-cdk/aws-dynamodb": {
      "version": "1.152.0",
      "resolved": "https://registry.npmjs.org/@aws-cdk/aws-dynamodb/-/aws-dynamodb-1.152.0.tgz",
      "integrity": "sha512-qh9VBW58L/zd2WvZ587YqfK9bKNE/E1qEsxMrfOaMEW12HssbgfQgjRQbtUP+ducu1S98O5++qI1/N3LFaNlzw==",
      "requires": {
        "@aws-cdk/aws-applicationautoscaling": "1.152.0",
        "@aws-cdk/aws-cloudwatch": "1.152.0",
        "@aws-cdk/aws-iam": "1.152.0",
        "@aws-cdk/aws-kinesis": "1.152.0",
        "@aws-cdk/aws-kms": "1.152.0",
        "@aws-cdk/aws-lambda": "1.152.0",
        "@aws-cdk/core": "1.152.0",
        "@aws-cdk/custom-resources": "1.152.0",
        "constructs": "^3.3.69"
      }
    },
    "@aws-cdk/aws-ec2": {
      "version": "1.152.0",
      "resolved": "https://registry.npmjs.org/@aws-cdk/aws-ec2/-/aws-ec2-1.152.0.tgz",
      "integrity": "sha512-8hv55cFpo73r17gacfFMde+C/OpzkUE0K3Pn0hiSUkPh9mkm3BSHV5IBGOa6ZQiMovE/bQtDvYA/W1W5nJsJpw==",
      "requires": {
        "@aws-cdk/aws-cloudwatch": "1.152.0",
        "@aws-cdk/aws-iam": "1.152.0",
        "@aws-cdk/aws-kms": "1.152.0",
        "@aws-cdk/aws-logs": "1.152.0",
        "@aws-cdk/aws-s3": "1.152.0",
        "@aws-cdk/aws-s3-assets": "1.152.0",
        "@aws-cdk/aws-ssm": "1.152.0",
        "@aws-cdk/cloud-assembly-schema": "1.152.0",
        "@aws-cdk/core": "1.152.0",
        "@aws-cdk/cx-api": "1.152.0",
        "@aws-cdk/region-info": "1.152.0",
        "constructs": "^3.3.69"
      }
    },
    "@aws-cdk/aws-ecr": {
      "version": "1.152.0",
      "resolved": "https://registry.npmjs.org/@aws-cdk/aws-ecr/-/aws-ecr-1.152.0.tgz",
      "integrity": "sha512-c95MF+I44zFX4n6SeuJNUKHqws2nXAQQrxuDo/xQxuKyuqMl2zE9+wTCTr5vXNabplkDBckFxNkA4QZyN47QEw==",
      "requires": {
        "@aws-cdk/aws-events": "1.152.0",
        "@aws-cdk/aws-iam": "1.152.0",
        "@aws-cdk/aws-kms": "1.152.0",
        "@aws-cdk/core": "1.152.0",
        "constructs": "^3.3.69"
      }
    },
    "@aws-cdk/aws-ecr-assets": {
      "version": "1.152.0",
      "resolved": "https://registry.npmjs.org/@aws-cdk/aws-ecr-assets/-/aws-ecr-assets-1.152.0.tgz",
      "integrity": "sha512-jVwB+Z+JFeM2NuHefqeZwovO/vawtVQBiexFoTainEglKFuX+xI9swpYbRJfoRaFBY7/X1TeKgci8orLFphxmQ==",
      "requires": {
        "@aws-cdk/assets": "1.152.0",
        "@aws-cdk/aws-ecr": "1.152.0",
        "@aws-cdk/aws-iam": "1.152.0",
        "@aws-cdk/aws-s3": "1.152.0",
        "@aws-cdk/core": "1.152.0",
        "@aws-cdk/cx-api": "1.152.0",
        "constructs": "^3.3.69"
      }
    },
    "@aws-cdk/aws-efs": {
      "version": "1.152.0",
      "resolved": "https://registry.npmjs.org/@aws-cdk/aws-efs/-/aws-efs-1.152.0.tgz",
      "integrity": "sha512-CuacyJXttDM85gTfdRkIm/r+Jg1covSLQkSWktbdV/Tqr+C5DuYKDoLN5d4sFJIX0pNSVV5czr3XSoSlQJ/gHw==",
      "requires": {
        "@aws-cdk/aws-ec2": "1.152.0",
        "@aws-cdk/aws-iam": "1.152.0",
        "@aws-cdk/aws-kms": "1.152.0",
        "@aws-cdk/cloud-assembly-schema": "1.152.0",
        "@aws-cdk/core": "1.152.0",
        "@aws-cdk/cx-api": "1.152.0",
        "constructs": "^3.3.69"
      }
    },
    "@aws-cdk/aws-elasticloadbalancingv2": {
      "version": "1.152.0",
      "resolved": "https://registry.npmjs.org/@aws-cdk/aws-elasticloadbalancingv2/-/aws-elasticloadbalancingv2-1.152.0.tgz",
      "integrity": "sha512-deSJUGZmrmoc7avcInGfFTnoj60yVj+wYmAjE6AgeE9WV6VM74QMSzSoQfX6ZkBDvBLTA4hVFa2BBmuyJbzz0g==",
      "requires": {
        "@aws-cdk/aws-certificatemanager": "1.152.0",
        "@aws-cdk/aws-cloudwatch": "1.152.0",
        "@aws-cdk/aws-ec2": "1.152.0",
        "@aws-cdk/aws-iam": "1.152.0",
        "@aws-cdk/aws-lambda": "1.152.0",
        "@aws-cdk/aws-s3": "1.152.0",
        "@aws-cdk/cloud-assembly-schema": "1.152.0",
        "@aws-cdk/core": "1.152.0",
        "@aws-cdk/cx-api": "1.152.0",
        "@aws-cdk/region-info": "1.152.0",
        "constructs": "^3.3.69"
      }
    },
    "@aws-cdk/aws-events": {
      "version": "1.152.0",
      "resolved": "https://registry.npmjs.org/@aws-cdk/aws-events/-/aws-events-1.152.0.tgz",
      "integrity": "sha512-gGbsrKVkLrn+OcC/bx/C/BOKMRc+AtX6cvuvr2Bt6B3PrgXCje7fCsK4+IFDBcZOS5OUjXyGwp+MKUFMUVHSBQ==",
      "requires": {
        "@aws-cdk/aws-iam": "1.152.0",
        "@aws-cdk/core": "1.152.0",
        "constructs": "^3.3.69"
      }
    },
    "@aws-cdk/aws-iam": {
      "version": "1.152.0",
      "resolved": "https://registry.npmjs.org/@aws-cdk/aws-iam/-/aws-iam-1.152.0.tgz",
      "integrity": "sha512-Nwi3DAhWyJE1SDnhYeutio/RnjzfrM5UguSLEeHDg8/r5pIg6297V7y4YhEgqNM3+CRLDu8KyuBXRxZp4ZixpQ==",
      "requires": {
        "@aws-cdk/core": "1.152.0",
        "@aws-cdk/cx-api": "1.152.0",
        "@aws-cdk/region-info": "1.152.0",
        "constructs": "^3.3.69"
      }
    },
    "@aws-cdk/aws-kinesis": {
      "version": "1.152.0",
      "resolved": "https://registry.npmjs.org/@aws-cdk/aws-kinesis/-/aws-kinesis-1.152.0.tgz",
      "integrity": "sha512-7r1vFQMEUwjnWgBRy5qzn5fIgEsAI9i4CowRCj5B2TosI/vvMVpCMoB2qtyXSrsgLqr7TSz+Bq6lP1Nec1DeFQ==",
      "requires": {
        "@aws-cdk/aws-cloudwatch": "1.152.0",
        "@aws-cdk/aws-iam": "1.152.0",
        "@aws-cdk/aws-kms": "1.152.0",
        "@aws-cdk/aws-logs": "1.152.0",
        "@aws-cdk/core": "1.152.0",
        "constructs": "^3.3.69"
      }
    },
    "@aws-cdk/aws-kms": {
      "version": "1.152.0",
      "resolved": "https://registry.npmjs.org/@aws-cdk/aws-kms/-/aws-kms-1.152.0.tgz",
      "integrity": "sha512-+nj0o2heN70JdHfXnrEE2Kne8XB2FbwJw7XXxNesgcOGnlpP2vVBB9KrGs8QQe4JoC++5enktqwzpSkZNPtwxw==",
      "requires": {
        "@aws-cdk/aws-iam": "1.152.0",
        "@aws-cdk/cloud-assembly-schema": "1.152.0",
        "@aws-cdk/core": "1.152.0",
        "@aws-cdk/cx-api": "1.152.0",
        "constructs": "^3.3.69"
      }
    },
    "@aws-cdk/aws-lambda": {
      "version": "1.152.0",
      "resolved": "https://registry.npmjs.org/@aws-cdk/aws-lambda/-/aws-lambda-1.152.0.tgz",
      "integrity": "sha512-scwA2pSYuSEpJSzcfCfkgRtMnlfXMfVbwIE28oKAq5y8kIYUg1GXSGICqL0cxAZjB8HBqiW3nI5o27gbfs0thQ==",
      "requires": {
        "@aws-cdk/aws-applicationautoscaling": "1.152.0",
        "@aws-cdk/aws-cloudwatch": "1.152.0",
        "@aws-cdk/aws-codeguruprofiler": "1.152.0",
        "@aws-cdk/aws-ec2": "1.152.0",
        "@aws-cdk/aws-ecr": "1.152.0",
        "@aws-cdk/aws-ecr-assets": "1.152.0",
        "@aws-cdk/aws-efs": "1.152.0",
        "@aws-cdk/aws-events": "1.152.0",
        "@aws-cdk/aws-iam": "1.152.0",
        "@aws-cdk/aws-kms": "1.152.0",
        "@aws-cdk/aws-logs": "1.152.0",
        "@aws-cdk/aws-s3": "1.152.0",
        "@aws-cdk/aws-s3-assets": "1.152.0",
        "@aws-cdk/aws-signer": "1.152.0",
        "@aws-cdk/aws-sns": "1.152.0",
        "@aws-cdk/aws-sqs": "1.152.0",
        "@aws-cdk/core": "1.152.0",
        "@aws-cdk/cx-api": "1.152.0",
        "@aws-cdk/region-info": "1.152.0",
        "constructs": "^3.3.69"
      }
    },
    "@aws-cdk/aws-lambda-nodejs": {
      "version": "1.152.0",
      "resolved": "https://registry.npmjs.org/@aws-cdk/aws-lambda-nodejs/-/aws-lambda-nodejs-1.152.0.tgz",
      "integrity": "sha512-N5S3S9QI/1qMZXctGuNcHhT5OAkp2yGS2K3xK3qQS1L7bzwWbQGf8e98maxm71ZSA2yxQcTaPudwwju7kPPhEg==",
      "requires": {
        "@aws-cdk/aws-lambda": "1.152.0",
        "@aws-cdk/core": "1.152.0",
        "constructs": "^3.3.69"
      }
    },
    "@aws-cdk/aws-logs": {
      "version": "1.152.0",
      "resolved": "https://registry.npmjs.org/@aws-cdk/aws-logs/-/aws-logs-1.152.0.tgz",
      "integrity": "sha512-UhNdaDxHeVtrNelRbt+e+ZBJHfzdiVWku4e9TpfN3/tiCm9YNmwaY71NyeExMwdCFqIFwDhzv1GEeoghU+5k+Q==",
      "requires": {
        "@aws-cdk/aws-cloudwatch": "1.152.0",
        "@aws-cdk/aws-iam": "1.152.0",
        "@aws-cdk/aws-kms": "1.152.0",
        "@aws-cdk/aws-s3-assets": "1.152.0",
        "@aws-cdk/core": "1.152.0",
        "@aws-cdk/cx-api": "1.152.0",
        "constructs": "^3.3.69"
      }
    },
    "@aws-cdk/aws-route53": {
      "version": "1.152.0",
      "resolved": "https://registry.npmjs.org/@aws-cdk/aws-route53/-/aws-route53-1.152.0.tgz",
      "integrity": "sha512-GrIPpcT+S881n/HRpwk2rjVScKFDZP4bdJtxXkHEpeQoXtU8TBQkRDIJYa7afLNNCXz9PcF//Ng9EkC5nxjTzQ==",
      "requires": {
        "@aws-cdk/aws-ec2": "1.152.0",
        "@aws-cdk/aws-iam": "1.152.0",
        "@aws-cdk/aws-logs": "1.152.0",
        "@aws-cdk/cloud-assembly-schema": "1.152.0",
        "@aws-cdk/core": "1.152.0",
        "@aws-cdk/custom-resources": "1.152.0",
        "constructs": "^3.3.69"
      }
    },
    "@aws-cdk/aws-s3": {
      "version": "1.152.0",
      "resolved": "https://registry.npmjs.org/@aws-cdk/aws-s3/-/aws-s3-1.152.0.tgz",
      "integrity": "sha512-3a6uGMdZ41OWTDXo4b3rM9FUCBKEUVBt/kgm07GZq2kBj13/d6O7DBWp1bUq0fYIjftk2AAXkXOwsORuPMgiPw==",
      "requires": {
        "@aws-cdk/aws-events": "1.152.0",
        "@aws-cdk/aws-iam": "1.152.0",
        "@aws-cdk/aws-kms": "1.152.0",
        "@aws-cdk/core": "1.152.0",
        "@aws-cdk/cx-api": "1.152.0",
        "constructs": "^3.3.69"
      }
    },
    "@aws-cdk/aws-s3-assets": {
      "version": "1.152.0",
      "resolved": "https://registry.npmjs.org/@aws-cdk/aws-s3-assets/-/aws-s3-assets-1.152.0.tgz",
      "integrity": "sha512-W5dt0ZniWJEA+7KXsGqttlmVfTZznsS8cJFesBN/TesQUq1MR/v7D/CgoetZWNdZJtZ6DJuqD2NBS2g7bcLFOA==",
      "requires": {
        "@aws-cdk/assets": "1.152.0",
        "@aws-cdk/aws-iam": "1.152.0",
        "@aws-cdk/aws-kms": "1.152.0",
        "@aws-cdk/aws-s3": "1.152.0",
        "@aws-cdk/core": "1.152.0",
        "@aws-cdk/cx-api": "1.152.0",
        "constructs": "^3.3.69"
      }
    },
    "@aws-cdk/aws-signer": {
      "version": "1.152.0",
      "resolved": "https://registry.npmjs.org/@aws-cdk/aws-signer/-/aws-signer-1.152.0.tgz",
      "integrity": "sha512-DB1BogYuba4T4jcPfgddvOATILSUU+3t4w41v9j6ILihG0MHRl3LxhXnTRXO4WTuRHUdIgzf7CnhCHZlC4JvDg==",
      "requires": {
        "@aws-cdk/core": "1.152.0",
        "constructs": "^3.3.69"
      }
    },
    "@aws-cdk/aws-sns": {
      "version": "1.152.0",
      "resolved": "https://registry.npmjs.org/@aws-cdk/aws-sns/-/aws-sns-1.152.0.tgz",
      "integrity": "sha512-vmKyR1NdRBAbzmzq1jBCnjGmF3FhSjAuQMfHNDxNdjTSAh2gtBWG2I4BHfjOFe4htQDWAkGxTqHnXSr0lxHdaw==",
      "requires": {
        "@aws-cdk/aws-cloudwatch": "1.152.0",
        "@aws-cdk/aws-codestarnotifications": "1.152.0",
        "@aws-cdk/aws-events": "1.152.0",
        "@aws-cdk/aws-iam": "1.152.0",
        "@aws-cdk/aws-kms": "1.152.0",
        "@aws-cdk/aws-sqs": "1.152.0",
        "@aws-cdk/core": "1.152.0",
        "constructs": "^3.3.69"
      }
    },
    "@aws-cdk/aws-sqs": {
      "version": "1.152.0",
      "resolved": "https://registry.npmjs.org/@aws-cdk/aws-sqs/-/aws-sqs-1.152.0.tgz",
      "integrity": "sha512-3iywkWepUrrgKCAUR2HbGVNRoHVZXCd+Ap9um2PU03Z//5xW4cnoXADmgD4QR5TXVSycMSfQqHTY/QuoaCZ8wg==",
      "requires": {
        "@aws-cdk/aws-cloudwatch": "1.152.0",
        "@aws-cdk/aws-iam": "1.152.0",
        "@aws-cdk/aws-kms": "1.152.0",
        "@aws-cdk/core": "1.152.0",
        "constructs": "^3.3.69"
      }
    },
    "@aws-cdk/aws-ssm": {
      "version": "1.152.0",
      "resolved": "https://registry.npmjs.org/@aws-cdk/aws-ssm/-/aws-ssm-1.152.0.tgz",
      "integrity": "sha512-sXmdGtkFJKR+Ny0iG6HNUHPFI63yOb1wWb5qtVhbM25C73H571OQ2rItUwfgfJCoJbJQSyLPkbwLUvEemzz/ig==",
      "requires": {
        "@aws-cdk/aws-iam": "1.152.0",
        "@aws-cdk/aws-kms": "1.152.0",
        "@aws-cdk/cloud-assembly-schema": "1.152.0",
        "@aws-cdk/core": "1.152.0",
        "constructs": "^3.3.69"
      }
    },
    "@aws-cdk/aws-stepfunctions": {
      "version": "1.152.0",
      "resolved": "https://registry.npmjs.org/@aws-cdk/aws-stepfunctions/-/aws-stepfunctions-1.152.0.tgz",
      "integrity": "sha512-GsPeER6XTgEhlQzaBkX/rWRnpHkochG5N/MwXz12L9V5J3wxKFkWbY2yD1hF32gCIdRW4eZ0HyRmXN3BCsX4KA==",
      "requires": {
        "@aws-cdk/aws-cloudwatch": "1.152.0",
        "@aws-cdk/aws-events": "1.152.0",
        "@aws-cdk/aws-iam": "1.152.0",
        "@aws-cdk/aws-logs": "1.152.0",
        "@aws-cdk/aws-s3": "1.152.0",
        "@aws-cdk/core": "1.152.0",
        "constructs": "^3.3.69"
      }
    },
    "@aws-cdk/cloud-assembly-schema": {
      "version": "1.152.0",
      "resolved": "https://registry.npmjs.org/@aws-cdk/cloud-assembly-schema/-/cloud-assembly-schema-1.152.0.tgz",
      "integrity": "sha512-DEb+760eRhTGsclAaLqWJijMPsl789/JR54qP83RHEkj4tYxy5s6LMIfCMLAvLTjAR23lzk+7/0OvHNwUHiMYw==",
      "requires": {
        "jsonschema": "^1.4.0",
        "semver": "^7.3.5"
      },
      "dependencies": {
        "jsonschema": {
          "version": "1.4.0",
          "bundled": true
        },
        "lru-cache": {
          "version": "6.0.0",
          "bundled": true,
          "requires": {
            "yallist": "^4.0.0"
          }
        },
        "semver": {
          "version": "7.3.5",
          "bundled": true,
          "requires": {
            "lru-cache": "^6.0.0"
          }
        },
        "yallist": {
          "version": "4.0.0",
          "bundled": true
        }
      }
    },
    "@aws-cdk/core": {
      "version": "1.152.0",
      "resolved": "https://registry.npmjs.org/@aws-cdk/core/-/core-1.152.0.tgz",
      "integrity": "sha512-P9BLrD/cFiJ4uxSUp5+Gf/Fc/IAn8Vhp3QCMcFsD3gB2JrUnxuloHwBzu1zdZVa2k2QdLBTHor1YNFFjs3zdLQ==",
      "requires": {
        "@aws-cdk/cloud-assembly-schema": "1.152.0",
        "@aws-cdk/cx-api": "1.152.0",
        "@aws-cdk/region-info": "1.152.0",
        "@balena/dockerignore": "^1.0.2",
        "constructs": "^3.3.69",
        "fs-extra": "^9.1.0",
        "ignore": "^5.2.0",
        "minimatch": "^3.1.2"
      },
      "dependencies": {
        "@balena/dockerignore": {
          "version": "1.0.2",
          "bundled": true
        },
        "at-least-node": {
          "version": "1.0.0",
          "bundled": true
        },
        "balanced-match": {
          "version": "1.0.2",
          "bundled": true
        },
        "brace-expansion": {
          "version": "1.1.11",
          "bundled": true,
          "requires": {
            "balanced-match": "^1.0.0",
            "concat-map": "0.0.1"
          }
        },
        "concat-map": {
          "version": "0.0.1",
          "bundled": true
        },
        "fs-extra": {
          "version": "9.1.0",
          "bundled": true,
          "requires": {
            "at-least-node": "^1.0.0",
            "graceful-fs": "^4.2.0",
            "jsonfile": "^6.0.1",
            "universalify": "^2.0.0"
          }
        },
        "graceful-fs": {
          "version": "4.2.9",
          "bundled": true
        },
        "ignore": {
          "version": "5.2.0",
          "bundled": true
        },
        "jsonfile": {
          "version": "6.1.0",
          "bundled": true,
          "requires": {
            "graceful-fs": "^4.1.6",
            "universalify": "^2.0.0"
          }
        },
        "minimatch": {
          "version": "3.1.2",
          "bundled": true,
          "requires": {
            "brace-expansion": "^1.1.7"
          }
        },
        "universalify": {
          "version": "2.0.0",
          "bundled": true
        }
      }
    },
    "@aws-cdk/custom-resources": {
      "version": "1.152.0",
      "resolved": "https://registry.npmjs.org/@aws-cdk/custom-resources/-/custom-resources-1.152.0.tgz",
      "integrity": "sha512-JjDhgJQQzcyIkeC46FEp1T5wyJhfW9Kzkw9/Nj74ILkWjhdLG7zDLtECnSwr4G/F0nt5+71Ddrj5J/Ej+KwsUA==",
      "requires": {
        "@aws-cdk/aws-cloudformation": "1.152.0",
        "@aws-cdk/aws-ec2": "1.152.0",
        "@aws-cdk/aws-iam": "1.152.0",
        "@aws-cdk/aws-lambda": "1.152.0",
        "@aws-cdk/aws-logs": "1.152.0",
        "@aws-cdk/aws-sns": "1.152.0",
        "@aws-cdk/core": "1.152.0",
        "constructs": "^3.3.69"
      }
    },
    "@aws-cdk/cx-api": {
      "version": "1.152.0",
      "resolved": "https://registry.npmjs.org/@aws-cdk/cx-api/-/cx-api-1.152.0.tgz",
      "integrity": "sha512-v6oMPMUEZrg+hEB5rVlYlWugwHKVNsBWzvT+1Hl7h6SyadTSh08wby4uyzGk/mxWusk4NwW1FMaIYtsG5BNF4A==",
      "requires": {
        "@aws-cdk/cloud-assembly-schema": "1.152.0",
        "semver": "^7.3.5"
      },
      "dependencies": {
        "lru-cache": {
          "version": "6.0.0",
          "bundled": true,
          "requires": {
            "yallist": "^4.0.0"
          }
        },
        "semver": {
          "version": "7.3.5",
          "bundled": true,
          "requires": {
            "lru-cache": "^6.0.0"
          }
        },
        "yallist": {
          "version": "4.0.0",
          "bundled": true
        }
      }
    },
    "@aws-cdk/region-info": {
      "version": "1.152.0",
      "resolved": "https://registry.npmjs.org/@aws-cdk/region-info/-/region-info-1.152.0.tgz",
      "integrity": "sha512-LJKb6W9RKJegw25H+RcUvxRyN8yIbez7m9OSvk/HSJZQVllxTyf3427gYgkwSjPvYnzBIuQEuH4lpZs96imh2A=="
    },
    "@types/node": {
      "version": "17.0.23",
      "resolved": "https://registry.npmjs.org/@types/node/-/node-17.0.23.tgz",
      "integrity": "sha512-UxDxWn7dl97rKVeVS61vErvw086aCYhDLyvRQZ5Rk65rZKepaFdm53GeqXaKBuOhED4e9uWq34IC3TdSdJJ2Gw==",
      "dev": true
    },
    "constructs": {
      "version": "3.3.261",
      "resolved": "https://registry.npmjs.org/constructs/-/constructs-3.3.261.tgz",
      "integrity": "sha512-WAcluBHRkIlTIW0jXOhp9Fm8ZtjS2cF3MbAxN6/VEdAVtjuXlHqKmrBOVIp8V5L26ze/xuMz3mDhq1CrC2pjsw=="
    },
    "data-uri-to-buffer": {
      "version": "4.0.0",
      "resolved": "https://registry.npmjs.org/data-uri-to-buffer/-/data-uri-to-buffer-4.0.0.tgz",
      "integrity": "sha512-Vr3mLBA8qWmcuschSLAOogKgQ/Jwxulv3RNE4FXnYWRGujzrRWQI4m12fQqRkwX06C0KanhLr4hK+GydchZsaA=="
    },
    "esbuild": {
      "version": "0.14.34",
      "resolved": "https://registry.npmjs.org/esbuild/-/esbuild-0.14.34.tgz",
      "integrity": "sha512-QIWdPT/gFF6hCaf4m7kP0cJ+JIuFkdHibI7vVFvu3eJS1HpVmYHWDulyN5WXwbRA0SX/7ZDaJ/1DH8SdY9xOJg==",
      "dev": true,
      "requires": {
        "esbuild-android-64": "0.14.34",
        "esbuild-android-arm64": "0.14.34",
        "esbuild-darwin-64": "0.14.34",
        "esbuild-darwin-arm64": "0.14.34",
        "esbuild-freebsd-64": "0.14.34",
        "esbuild-freebsd-arm64": "0.14.34",
        "esbuild-linux-32": "0.14.34",
        "esbuild-linux-64": "0.14.34",
        "esbuild-linux-arm": "0.14.34",
        "esbuild-linux-arm64": "0.14.34",
        "esbuild-linux-mips64le": "0.14.34",
        "esbuild-linux-ppc64le": "0.14.34",
        "esbuild-linux-riscv64": "0.14.34",
        "esbuild-linux-s390x": "0.14.34",
        "esbuild-netbsd-64": "0.14.34",
        "esbuild-openbsd-64": "0.14.34",
        "esbuild-sunos-64": "0.14.34",
        "esbuild-windows-32": "0.14.34",
        "esbuild-windows-64": "0.14.34",
        "esbuild-windows-arm64": "0.14.34"
      }
    },
    "esbuild-android-64": {
      "version": "0.14.34",
      "resolved": "https://registry.npmjs.org/esbuild-android-64/-/esbuild-android-64-0.14.34.tgz",
      "integrity": "sha512-XfxcfJqmMYsT/LXqrptzFxmaR3GWzXHDLdFNIhm6S00zPaQF1TBBWm+9t0RZ6LRR7iwH57DPjaOeW20vMqI4Yw==",
      "dev": true,
      "optional": true
    },
    "esbuild-android-arm64": {
      "version": "0.14.34",
      "resolved": "https://registry.npmjs.org/esbuild-android-arm64/-/esbuild-android-arm64-0.14.34.tgz",
      "integrity": "sha512-T02+NXTmSRL1Mc6puz+R9CB54rSPICkXKq6+tw8B6vxZFnCPzbJxgwIX4kcluz9p8nYBjF3+lSilTGWb7+Xgew==",
      "dev": true,
      "optional": true
    },
    "esbuild-darwin-64": {
      "version": "0.14.34",
      "resolved": "https://registry.npmjs.org/esbuild-darwin-64/-/esbuild-darwin-64-0.14.34.tgz",
      "integrity": "sha512-pLRip2Bh4Ng7Bf6AMgCrSp3pPe/qZyf11h5Qo2mOfJqLWzSVjxrXW+CFRJfrOVP7TCnh/gmZSM2AFdCPB72vtw==",
      "dev": true,
      "optional": true
    },
    "esbuild-darwin-arm64": {
      "version": "0.14.34",
      "resolved": "https://registry.npmjs.org/esbuild-darwin-arm64/-/esbuild-darwin-arm64-0.14.34.tgz",
      "integrity": "sha512-vpidSJEBxx6lf1NWgXC+DCmGqesJuZ5Y8aQVVsaoO4i8tRXbXb0whChRvop/zd3nfNM4dIl5EXAky0knRX5I6w==",
      "dev": true,
      "optional": true
    },
    "esbuild-freebsd-64": {
      "version": "0.14.34",
      "resolved": "https://registry.npmjs.org/esbuild-freebsd-64/-/esbuild-freebsd-64-0.14.34.tgz",
      "integrity": "sha512-m0HBjePhe0hAQJgtMRMNV9kMgIyV4/qSnzPx42kRMQBcPhgjAq1JRu4Il26czC+9FgpMbFkUktb07f/Lwnc6CA==",
      "dev": true,
      "optional": true
    },
    "esbuild-freebsd-arm64": {
      "version": "0.14.34",
      "resolved": "https://registry.npmjs.org/esbuild-freebsd-arm64/-/esbuild-freebsd-arm64-0.14.34.tgz",
      "integrity": "sha512-cpRc2B94L1KvMPPYB4D6G39jLqpKlD3noAMY4/e86iXXXkhUYJJEtTuyNFTa9JRpWM0xCAp4mxjHjoIiLuoCLA==",
      "dev": true,
      "optional": true
    },
    "esbuild-linux-32": {
      "version": "0.14.34",
      "resolved": "https://registry.npmjs.org/esbuild-linux-32/-/esbuild-linux-32-0.14.34.tgz",
      "integrity": "sha512-8nQaEaoW7MH/K/RlozJa+lE1ejHIr8fuPIHhc513UebRav7HtXgQvxHQ6VZRUkWtep23M6dd7UqhwO1tMOfzQQ==",
      "dev": true,
      "optional": true
    },
    "esbuild-linux-64": {
      "version": "0.14.34",
      "resolved": "https://registry.npmjs.org/esbuild-linux-64/-/esbuild-linux-64-0.14.34.tgz",
      "integrity": "sha512-Y3of4qQoLLlAgf042MlrY1P+7PnN9zWj8nVtw9XQG5hcLOZLz7IKpU35oeu7n4wvyaZHwvQqDJ93gRLqdJekcQ==",
      "dev": true,
      "optional": true
    },
    "esbuild-linux-arm": {
      "version": "0.14.34",
      "resolved": "https://registry.npmjs.org/esbuild-linux-arm/-/esbuild-linux-arm-0.14.34.tgz",
      "integrity": "sha512-9lpq1NcJqssAF7alCO6zL3gvBVVt/lKw4oetUM7OgNnRX0OWpB+ZIO9FwCrSj/dMdmgDhPLf+119zB8QxSMmAg==",
      "dev": true,
      "optional": true
    },
    "esbuild-linux-arm64": {
      "version": "0.14.34",
      "resolved": "https://registry.npmjs.org/esbuild-linux-arm64/-/esbuild-linux-arm64-0.14.34.tgz",
      "integrity": "sha512-IlWaGtj9ir7+Nrume1DGcyzBDlK8GcnJq0ANKwcI9pVw8tqr+6GD0eqyF9SF1mR8UmAp+odrx1H5NdR2cHdFHA==",
      "dev": true,
      "optional": true
    },
    "esbuild-linux-mips64le": {
      "version": "0.14.34",
      "resolved": "https://registry.npmjs.org/esbuild-linux-mips64le/-/esbuild-linux-mips64le-0.14.34.tgz",
      "integrity": "sha512-k3or+01Rska1AjUyNjA4buEwB51eyN/xPQAoOx1CjzAQC3l8rpjUDw55kXyL63O/1MUi4ISvtNtl8gLwdyEcxw==",
      "dev": true,
      "optional": true
    },
    "esbuild-linux-ppc64le": {
      "version": "0.14.34",
      "resolved": "https://registry.npmjs.org/esbuild-linux-ppc64le/-/esbuild-linux-ppc64le-0.14.34.tgz",
      "integrity": "sha512-+qxb8M9FfM2CJaVU7GgYpJOHM1ngQOx+/VrtBjb4C8oVqaPcESCeg2anjl+HRZy8VpYc71q/iBYausPPbJ+Keg==",
      "dev": true,
      "optional": true
    },
    "esbuild-linux-riscv64": {
      "version": "0.14.34",
      "resolved": "https://registry.npmjs.org/esbuild-linux-riscv64/-/esbuild-linux-riscv64-0.14.34.tgz",
      "integrity": "sha512-Y717ltBdQ5j5sZIHdy1DV9kieo0wMip0dCmVSTceowCPYSn1Cg33Kd6981+F/3b9FDMzNWldZFOBRILViENZSA==",
      "dev": true,
      "optional": true
    },
    "esbuild-linux-s390x": {
      "version": "0.14.34",
      "resolved": "https://registry.npmjs.org/esbuild-linux-s390x/-/esbuild-linux-s390x-0.14.34.tgz",
      "integrity": "sha512-bDDgYO4LhL4+zPs+WcBkXph+AQoPcQRTv18FzZS0WhjfH8TZx2QqlVPGhmhZ6WidrY+jKthUqO6UhGyIb4MpmA==",
      "dev": true,
      "optional": true
    },
    "esbuild-netbsd-64": {
      "version": "0.14.34",
      "resolved": "https://registry.npmjs.org/esbuild-netbsd-64/-/esbuild-netbsd-64-0.14.34.tgz",
      "integrity": "sha512-cfaFGXdRt0+vHsjNPyF0POM4BVSHPSbhLPe8mppDc7GDDxjIl08mV1Zou14oDWMp/XZMjYN1kWYRSfftiD0vvQ==",
      "dev": true,
      "optional": true
    },
    "esbuild-openbsd-64": {
      "version": "0.14.34",
      "resolved": "https://registry.npmjs.org/esbuild-openbsd-64/-/esbuild-openbsd-64-0.14.34.tgz",
      "integrity": "sha512-vmy9DxXVnRiI14s8GKuYBtess+EVcDALkbpTqd5jw4XITutIzyB7n4x0Tj5utAkKsgZJB22lLWGekr0ABnSLow==",
      "dev": true,
      "optional": true
    },
    "esbuild-sunos-64": {
      "version": "0.14.34",
      "resolved": "https://registry.npmjs.org/esbuild-sunos-64/-/esbuild-sunos-64-0.14.34.tgz",
      "integrity": "sha512-eNPVatNET1F7tRMhii7goL/eptfxc0ALRjrj9SPFNqp0zmxrehBFD6BaP3R4LjMn6DbMO0jOAnTLFKr8NqcJAA==",
      "dev": true,
      "optional": true
    },
    "esbuild-windows-32": {
      "version": "0.14.34",
      "resolved": "https://registry.npmjs.org/esbuild-windows-32/-/esbuild-windows-32-0.14.34.tgz",
      "integrity": "sha512-EFhpXyHEcnqWYe2rAHFd8dRw8wkrd9U+9oqcyoEL84GbanAYjiiIjBZsnR8kl0sCQ5w6bLpk7vCEIA2VS32Vcg==",
      "dev": true,
      "optional": true
    },
    "esbuild-windows-64": {
      "version": "0.14.34",
      "resolved": "https://registry.npmjs.org/esbuild-windows-64/-/esbuild-windows-64-0.14.34.tgz",
      "integrity": "sha512-a8fbl8Ky7PxNEjf1aJmtxdDZj32/hC7S1OcA2ckEpCJRTjiKslI9vAdPpSjrKIWhws4Galpaawy0nB7fjHYf5Q==",
      "dev": true,
      "optional": true
    },
    "esbuild-windows-arm64": {
      "version": "0.14.34",
      "resolved": "https://registry.npmjs.org/esbuild-windows-arm64/-/esbuild-windows-arm64-0.14.34.tgz",
      "integrity": "sha512-EYvmKbSa2B3sPnpC28UEu9jBK5atGV4BaVRE7CYGUci2Hlz4AvtV/LML+TcDMT6gBgibnN2gcltWclab3UutMg==",
      "dev": true,
      "optional": true
    },
    "fetch-blob": {
      "version": "3.1.5",
      "resolved": "https://registry.npmjs.org/fetch-blob/-/fetch-blob-3.1.5.tgz",
      "integrity": "sha512-N64ZpKqoLejlrwkIAnb9iLSA3Vx/kjgzpcDhygcqJ2KKjky8nCgUQ+dzXtbrLaWZGZNmNfQTsiQ0weZ1svglHg==",
      "requires": {
        "node-domexception": "^1.0.0",
        "web-streams-polyfill": "^3.0.3"
      }
    },
    "formdata-polyfill": {
      "version": "4.0.10",
      "resolved": "https://registry.npmjs.org/formdata-polyfill/-/formdata-polyfill-4.0.10.tgz",
      "integrity": "sha512-buewHzMvYL29jdeQTVILecSaZKnt/RJWjoZCF5OW60Z67/GmSLBkOFM7qh1PI3zFNtJbaZL5eQu1vLfazOwj4g==",
      "requires": {
        "fetch-blob": "^3.1.2"
      }
    },
    "node-domexception": {
      "version": "1.0.0",
      "resolved": "https://registry.npmjs.org/node-domexception/-/node-domexception-1.0.0.tgz",
      "integrity": "sha512-/jKZoMpw0F8GRwl4/eLROPA3cfcXtLApP0QzLmUT/HuPCZWyB7IY9ZrMeKw2O/nFIqPQB3PVM9aYm0F312AXDQ=="
    },
    "node-fetch": {
      "version": "3.2.3",
      "resolved": "https://registry.npmjs.org/node-fetch/-/node-fetch-3.2.3.tgz",
      "integrity": "sha512-AXP18u4pidSZ1xYXRDPY/8jdv3RAozIt/WLNR/MBGZAz+xjtlr90RvCnsvHQRiXyWliZF/CpytExp32UU67/SA==",
      "requires": {
        "data-uri-to-buffer": "^4.0.0",
        "fetch-blob": "^3.1.4",
        "formdata-polyfill": "^4.0.10"
      }
    },
    "typescript": {
      "version": "4.6.3",
      "resolved": "https://registry.npmjs.org/typescript/-/typescript-4.6.3.tgz",
      "integrity": "sha512-yNIatDa5iaofVozS/uQJEl3JRWLKKGJKh6Yaiv0GLGSuhpFJe7P3SbHZ8/yjAHRQwKRoA6YZqlfjXWmVzoVSMw==",
      "dev": true
    },
    "web-streams-polyfill": {
      "version": "3.2.1",
      "resolved": "https://registry.npmjs.org/web-streams-polyfill/-/web-streams-polyfill-3.2.1.tgz",
      "integrity": "sha512-e0MO3wdXWKrLbL0DgGnUV7WHVuw9OUvL4hjgnPkIeEvESk74gAITi5G606JtZPp39cd8HA9VQzCIvA49LpPN5Q=="
    }
  }
}
